// !$*UTF8*$!
{
	archiveVersion = 1;
	classes = {
	};
	objectVersion = 46;
	objects = {

/* Begin PBXBuildFile section */
		44035B4D1D59F9EC0078F9DD /* Square.png in Resources */ = {isa = PBXBuildFile; fileRef = 44035B4B1D59F9EC0078F9DD /* Square.png */; };
		44035B4E1D59F9EC0078F9DD /* SquareFilled.png in Resources */ = {isa = PBXBuildFile; fileRef = 44035B4C1D59F9EC0078F9DD /* SquareFilled.png */; };
		44035B501D5A07F40078F9DD /* drop_down.png in Resources */ = {isa = PBXBuildFile; fileRef = 44035B4F1D5A07F40078F9DD /* drop_down.png */; };
		44035B921D5B2E930078F9DD /* Utility.m in Sources */ = {isa = PBXBuildFile; fileRef = 44035B911D5B2E930078F9DD /* Utility.m */; };
		44035B981D5B5BF20078F9DD /* Untitled.png in Resources */ = {isa = PBXBuildFile; fileRef = 44035B971D5B5BF20078F9DD /* Untitled.png */; };
		44035B9D1D5E03160078F9DD /* BGPPlanRegisterDataModel.m in Sources */ = {isa = PBXBuildFile; fileRef = 44035B9C1D5E03160078F9DD /* BGPPlanRegisterDataModel.m */; };
		4467F3ED1D54C3E200003380 /* main.m in Sources */ = {isa = PBXBuildFile; fileRef = 4467F3EC1D54C3E200003380 /* main.m */; };
		4467F3F01D54C3E200003380 /* AppDelegate.m in Sources */ = {isa = PBXBuildFile; fileRef = 4467F3EF1D54C3E200003380 /* AppDelegate.m */; };
		4467F3F31D54C3E200003380 /* ViewController.m in Sources */ = {isa = PBXBuildFile; fileRef = 4467F3F21D54C3E200003380 /* ViewController.m */; };
		4467F3F61D54C3E200003380 /* Main.storyboard in Resources */ = {isa = PBXBuildFile; fileRef = 4467F3F41D54C3E200003380 /* Main.storyboard */; };
		4467F3F81D54C3E200003380 /* Assets.xcassets in Resources */ = {isa = PBXBuildFile; fileRef = 4467F3F71D54C3E200003380 /* Assets.xcassets */; };
		4467F3FB1D54C3E200003380 /* LaunchScreen.storyboard in Resources */ = {isa = PBXBuildFile; fileRef = 4467F3F91D54C3E200003380 /* LaunchScreen.storyboard */; };
		4467F4061D54C3E200003380 /* BGPPlanRegisterTests.m in Sources */ = {isa = PBXBuildFile; fileRef = 4467F4051D54C3E200003380 /* BGPPlanRegisterTests.m */; };
		4467F4111D54C3E200003380 /* BGPPlanRegisterUITests.m in Sources */ = {isa = PBXBuildFile; fileRef = 4467F4101D54C3E200003380 /* BGPPlanRegisterUITests.m */; };
		4467F4221D54C89F00003380 /* BGPPlanRegisterViewController.m in Sources */ = {isa = PBXBuildFile; fileRef = 4467F4211D54C89F00003380 /* BGPPlanRegisterViewController.m */; };
		4467F4241D54C8B200003380 /* BGPPlanRegisterStoryboard.storyboard in Resources */ = {isa = PBXBuildFile; fileRef = 4467F4231D54C8B200003380 /* BGPPlanRegisterStoryboard.storyboard */; };
		4467F4331D55F2BB00003380 /* PersonalDetailsViewController.m in Sources */ = {isa = PBXBuildFile; fileRef = 4467F4321D55F2BB00003380 /* PersonalDetailsViewController.m */; };
		4467F4391D55F30A00003380 /* NominationDetailsViewController.m in Sources */ = {isa = PBXBuildFile; fileRef = 4467F4381D55F30A00003380 /* NominationDetailsViewController.m */; };
		4467F43C1D55F35D00003380 /* AgreemnetDetailsViewController.m in Sources */ = {isa = PBXBuildFile; fileRef = 4467F43B1D55F35D00003380 /* AgreemnetDetailsViewController.m */; };
		4467F43F1D55F39500003380 /* PaymentDetailsViewController.m in Sources */ = {isa = PBXBuildFile; fileRef = 4467F43E1D55F39500003380 /* PaymentDetailsViewController.m */; };
		4467F4431D58513300003380 /* back_black.png in Resources */ = {isa = PBXBuildFile; fileRef = 4467F4421D58513300003380 /* back_black.png */; };
		4467F44A1D587B1A00003380 /* ApplicationDetailsViewController.m in Sources */ = {isa = PBXBuildFile; fileRef = 4467F4491D587B1A00003380 /* ApplicationDetailsViewController.m */; };
		4467F44D1D5892DE00003380 /* Constant.m in Sources */ = {isa = PBXBuildFile; fileRef = 4467F44C1D5892DE00003380 /* Constant.m */; };
		4467F4501D58961C00003380 /* rounded.png in Resources */ = {isa = PBXBuildFile; fileRef = 4467F44E1D58961C00003380 /* rounded.png */; };
		4467F4511D58961C00003380 /* roundedFilled.png in Resources */ = {isa = PBXBuildFile; fileRef = 4467F44F1D58961C00003380 /* roundedFilled.png */; };
		44E2179E1D62F89100CAB5F7 /* IQBarButtonItem.m in Sources */ = {isa = PBXBuildFile; fileRef = 44E217891D62F89100CAB5F7 /* IQBarButtonItem.m */; };
		44E2179F1D62F89100CAB5F7 /* IQKeyboardManager.bundle in Resources */ = {isa = PBXBuildFile; fileRef = 44E2178A1D62F89100CAB5F7 /* IQKeyboardManager.bundle */; };
		44E217A01D62F89100CAB5F7 /* IQKeyboardManager.m in Sources */ = {isa = PBXBuildFile; fileRef = 44E2178C1D62F89100CAB5F7 /* IQKeyboardManager.m */; };
		44E217A11D62F89100CAB5F7 /* IQSegmentedNextPrevious.m in Sources */ = {isa = PBXBuildFile; fileRef = 44E217901D62F89100CAB5F7 /* IQSegmentedNextPrevious.m */; };
		44E217A21D62F89100CAB5F7 /* IQTitleBarButtonItem.m in Sources */ = {isa = PBXBuildFile; fileRef = 44E217921D62F89100CAB5F7 /* IQTitleBarButtonItem.m */; };
		44E217A31D62F89100CAB5F7 /* IQToolbar.m in Sources */ = {isa = PBXBuildFile; fileRef = 44E217941D62F89100CAB5F7 /* IQToolbar.m */; };
		44E217A41D62F89100CAB5F7 /* NSArray+Sort.m in Sources */ = {isa = PBXBuildFile; fileRef = 44E217971D62F89100CAB5F7 /* NSArray+Sort.m */; };
		44E217A51D62F89100CAB5F7 /* UIView+Hierarchy.m in Sources */ = {isa = PBXBuildFile; fileRef = 44E217991D62F89100CAB5F7 /* UIView+Hierarchy.m */; };
		44E217A61D62F89100CAB5F7 /* UIView+IQKeyboardToolbar.m in Sources */ = {isa = PBXBuildFile; fileRef = 44E2179B1D62F89100CAB5F7 /* UIView+IQKeyboardToolbar.m */; };
		44E217A71D62F89100CAB5F7 /* UIWindow+Hierarchy.m in Sources */ = {isa = PBXBuildFile; fileRef = 44E2179D1D62F89100CAB5F7 /* UIWindow+Hierarchy.m */; };
/* End PBXBuildFile section */

/* Begin PBXContainerItemProxy section */
		4467F4021D54C3E200003380 /* PBXContainerItemProxy */ = {
			isa = PBXContainerItemProxy;
			containerPortal = 4467F3E01D54C3E200003380 /* Project object */;
			proxyType = 1;
			remoteGlobalIDString = 4467F3E71D54C3E200003380;
			remoteInfo = BGPPlanRegister;
		};
		4467F40D1D54C3E200003380 /* PBXContainerItemProxy */ = {
			isa = PBXContainerItemProxy;
			containerPortal = 4467F3E01D54C3E200003380 /* Project object */;
			proxyType = 1;
			remoteGlobalIDString = 4467F3E71D54C3E200003380;
			remoteInfo = BGPPlanRegister;
		};
/* End PBXContainerItemProxy section */

/* Begin PBXFileReference section */
		44035B4B1D59F9EC0078F9DD /* Square.png */ = {isa = PBXFileReference; lastKnownFileType = image.png; path = Square.png; sourceTree = "<group>"; };
		44035B4C1D59F9EC0078F9DD /* SquareFilled.png */ = {isa = PBXFileReference; lastKnownFileType = image.png; path = SquareFilled.png; sourceTree = "<group>"; };
		44035B4F1D5A07F40078F9DD /* drop_down.png */ = {isa = PBXFileReference; lastKnownFileType = image.png; path = drop_down.png; sourceTree = "<group>"; };
		44035B901D5B2E930078F9DD /* Utility.h */ = {isa = PBXFileReference; fileEncoding = 4; lastKnownFileType = sourcecode.c.h; path = Utility.h; sourceTree = "<group>"; };
		44035B911D5B2E930078F9DD /* Utility.m */ = {isa = PBXFileReference; fileEncoding = 4; lastKnownFileType = sourcecode.c.objc; path = Utility.m; sourceTree = "<group>"; };
		44035B971D5B5BF20078F9DD /* Untitled.png */ = {isa = PBXFileReference; lastKnownFileType = image.png; path = Untitled.png; sourceTree = "<group>"; };
		44035B9B1D5E03160078F9DD /* BGPPlanRegisterDataModel.h */ = {isa = PBXFileReference; fileEncoding = 4; lastKnownFileType = sourcecode.c.h; path = BGPPlanRegisterDataModel.h; sourceTree = "<group>"; };
		44035B9C1D5E03160078F9DD /* BGPPlanRegisterDataModel.m */ = {isa = PBXFileReference; fileEncoding = 4; lastKnownFileType = sourcecode.c.objc; path = BGPPlanRegisterDataModel.m; sourceTree = "<group>"; };
		4467F3E81D54C3E200003380 /* BGPPlanRegister.app */ = {isa = PBXFileReference; explicitFileType = wrapper.application; includeInIndex = 0; path = BGPPlanRegister.app; sourceTree = BUILT_PRODUCTS_DIR; };
		4467F3EC1D54C3E200003380 /* main.m */ = {isa = PBXFileReference; lastKnownFileType = sourcecode.c.objc; path = main.m; sourceTree = "<group>"; };
		4467F3EE1D54C3E200003380 /* AppDelegate.h */ = {isa = PBXFileReference; lastKnownFileType = sourcecode.c.h; path = AppDelegate.h; sourceTree = "<group>"; };
		4467F3EF1D54C3E200003380 /* AppDelegate.m */ = {isa = PBXFileReference; lastKnownFileType = sourcecode.c.objc; path = AppDelegate.m; sourceTree = "<group>"; };
		4467F3F11D54C3E200003380 /* ViewController.h */ = {isa = PBXFileReference; lastKnownFileType = sourcecode.c.h; path = ViewController.h; sourceTree = "<group>"; };
		4467F3F21D54C3E200003380 /* ViewController.m */ = {isa = PBXFileReference; lastKnownFileType = sourcecode.c.objc; path = ViewController.m; sourceTree = "<group>"; };
		4467F3F51D54C3E200003380 /* Base */ = {isa = PBXFileReference; lastKnownFileType = file.storyboard; name = Base; path = Base.lproj/Main.storyboard; sourceTree = "<group>"; };
		4467F3F71D54C3E200003380 /* Assets.xcassets */ = {isa = PBXFileReference; lastKnownFileType = folder.assetcatalog; path = Assets.xcassets; sourceTree = "<group>"; };
		4467F3FA1D54C3E200003380 /* Base */ = {isa = PBXFileReference; lastKnownFileType = file.storyboard; name = Base; path = Base.lproj/LaunchScreen.storyboard; sourceTree = "<group>"; };
		4467F3FC1D54C3E200003380 /* Info.plist */ = {isa = PBXFileReference; lastKnownFileType = text.plist.xml; path = Info.plist; sourceTree = "<group>"; };
		4467F4011D54C3E200003380 /* BGPPlanRegisterTests.xctest */ = {isa = PBXFileReference; explicitFileType = wrapper.cfbundle; includeInIndex = 0; path = BGPPlanRegisterTests.xctest; sourceTree = BUILT_PRODUCTS_DIR; };
		4467F4051D54C3E200003380 /* BGPPlanRegisterTests.m */ = {isa = PBXFileReference; lastKnownFileType = sourcecode.c.objc; path = BGPPlanRegisterTests.m; sourceTree = "<group>"; };
		4467F4071D54C3E200003380 /* Info.plist */ = {isa = PBXFileReference; lastKnownFileType = text.plist.xml; path = Info.plist; sourceTree = "<group>"; };
		4467F40C1D54C3E200003380 /* BGPPlanRegisterUITests.xctest */ = {isa = PBXFileReference; explicitFileType = wrapper.cfbundle; includeInIndex = 0; path = BGPPlanRegisterUITests.xctest; sourceTree = BUILT_PRODUCTS_DIR; };
		4467F4101D54C3E200003380 /* BGPPlanRegisterUITests.m */ = {isa = PBXFileReference; lastKnownFileType = sourcecode.c.objc; path = BGPPlanRegisterUITests.m; sourceTree = "<group>"; };
		4467F4121D54C3E200003380 /* Info.plist */ = {isa = PBXFileReference; lastKnownFileType = text.plist.xml; path = Info.plist; sourceTree = "<group>"; };
		4467F4201D54C89F00003380 /* BGPPlanRegisterViewController.h */ = {isa = PBXFileReference; fileEncoding = 4; lastKnownFileType = sourcecode.c.h; path = BGPPlanRegisterViewController.h; sourceTree = "<group>"; };
		4467F4211D54C89F00003380 /* BGPPlanRegisterViewController.m */ = {isa = PBXFileReference; fileEncoding = 4; lastKnownFileType = sourcecode.c.objc; path = BGPPlanRegisterViewController.m; sourceTree = "<group>"; };
		4467F4231D54C8B200003380 /* BGPPlanRegisterStoryboard.storyboard */ = {isa = PBXFileReference; fileEncoding = 4; lastKnownFileType = file.storyboard; path = BGPPlanRegisterStoryboard.storyboard; sourceTree = "<group>"; };
		4467F4311D55F2BB00003380 /* PersonalDetailsViewController.h */ = {isa = PBXFileReference; fileEncoding = 4; lastKnownFileType = sourcecode.c.h; path = PersonalDetailsViewController.h; sourceTree = "<group>"; };
		4467F4321D55F2BB00003380 /* PersonalDetailsViewController.m */ = {isa = PBXFileReference; fileEncoding = 4; lastKnownFileType = sourcecode.c.objc; path = PersonalDetailsViewController.m; sourceTree = "<group>"; };
		4467F4371D55F30A00003380 /* NominationDetailsViewController.h */ = {isa = PBXFileReference; fileEncoding = 4; lastKnownFileType = sourcecode.c.h; path = NominationDetailsViewController.h; sourceTree = "<group>"; };
		4467F4381D55F30A00003380 /* NominationDetailsViewController.m */ = {isa = PBXFileReference; fileEncoding = 4; lastKnownFileType = sourcecode.c.objc; path = NominationDetailsViewController.m; sourceTree = "<group>"; };
		4467F43A1D55F35D00003380 /* AgreemnetDetailsViewController.h */ = {isa = PBXFileReference; fileEncoding = 4; lastKnownFileType = sourcecode.c.h; path = AgreemnetDetailsViewController.h; sourceTree = "<group>"; };
		4467F43B1D55F35D00003380 /* AgreemnetDetailsViewController.m */ = {isa = PBXFileReference; fileEncoding = 4; lastKnownFileType = sourcecode.c.objc; path = AgreemnetDetailsViewController.m; sourceTree = "<group>"; };
		4467F43D1D55F39500003380 /* PaymentDetailsViewController.h */ = {isa = PBXFileReference; fileEncoding = 4; lastKnownFileType = sourcecode.c.h; path = PaymentDetailsViewController.h; sourceTree = "<group>"; };
		4467F43E1D55F39500003380 /* PaymentDetailsViewController.m */ = {isa = PBXFileReference; fileEncoding = 4; lastKnownFileType = sourcecode.c.objc; path = PaymentDetailsViewController.m; sourceTree = "<group>"; };
		4467F4421D58513300003380 /* back_black.png */ = {isa = PBXFileReference; lastKnownFileType = image.png; path = back_black.png; sourceTree = "<group>"; };
		4467F4481D587B1A00003380 /* ApplicationDetailsViewController.h */ = {isa = PBXFileReference; fileEncoding = 4; lastKnownFileType = sourcecode.c.h; path = ApplicationDetailsViewController.h; sourceTree = "<group>"; };
		4467F4491D587B1A00003380 /* ApplicationDetailsViewController.m */ = {isa = PBXFileReference; fileEncoding = 4; lastKnownFileType = sourcecode.c.objc; path = ApplicationDetailsViewController.m; sourceTree = "<group>"; };
		4467F44B1D5892DE00003380 /* Constant.h */ = {isa = PBXFileReference; fileEncoding = 4; lastKnownFileType = sourcecode.c.h; path = Constant.h; sourceTree = "<group>"; };
		4467F44C1D5892DE00003380 /* Constant.m */ = {isa = PBXFileReference; fileEncoding = 4; lastKnownFileType = sourcecode.c.objc; path = Constant.m; sourceTree = "<group>"; };
		4467F44E1D58961C00003380 /* rounded.png */ = {isa = PBXFileReference; lastKnownFileType = image.png; path = rounded.png; sourceTree = "<group>"; };
		4467F44F1D58961C00003380 /* roundedFilled.png */ = {isa = PBXFileReference; lastKnownFileType = image.png; path = roundedFilled.png; sourceTree = "<group>"; };
		44E217881D62F89100CAB5F7 /* IQBarButtonItem.h */ = {isa = PBXFileReference; fileEncoding = 4; lastKnownFileType = sourcecode.c.h; path = IQBarButtonItem.h; sourceTree = "<group>"; };
		44E217891D62F89100CAB5F7 /* IQBarButtonItem.m */ = {isa = PBXFileReference; fileEncoding = 4; lastKnownFileType = sourcecode.c.objc; path = IQBarButtonItem.m; sourceTree = "<group>"; };
		44E2178A1D62F89100CAB5F7 /* IQKeyboardManager.bundle */ = {isa = PBXFileReference; lastKnownFileType = "wrapper.plug-in"; path = IQKeyboardManager.bundle; sourceTree = "<group>"; };
		44E2178B1D62F89100CAB5F7 /* IQKeyboardManager.h */ = {isa = PBXFileReference; fileEncoding = 4; lastKnownFileType = sourcecode.c.h; path = IQKeyboardManager.h; sourceTree = "<group>"; };
		44E2178C1D62F89100CAB5F7 /* IQKeyboardManager.m */ = {isa = PBXFileReference; fileEncoding = 4; lastKnownFileType = sourcecode.c.objc; path = IQKeyboardManager.m; sourceTree = "<group>"; };
		44E2178D1D62F89100CAB5F7 /* IQKeyboardManagerConstants.h */ = {isa = PBXFileReference; fileEncoding = 4; lastKnownFileType = sourcecode.c.h; path = IQKeyboardManagerConstants.h; sourceTree = "<group>"; };
		44E2178E1D62F89100CAB5F7 /* IQKeyboardManagerConstantsInternal.h */ = {isa = PBXFileReference; fileEncoding = 4; lastKnownFileType = sourcecode.c.h; path = IQKeyboardManagerConstantsInternal.h; sourceTree = "<group>"; };
		44E2178F1D62F89100CAB5F7 /* IQSegmentedNextPrevious.h */ = {isa = PBXFileReference; fileEncoding = 4; lastKnownFileType = sourcecode.c.h; path = IQSegmentedNextPrevious.h; sourceTree = "<group>"; };
		44E217901D62F89100CAB5F7 /* IQSegmentedNextPrevious.m */ = {isa = PBXFileReference; fileEncoding = 4; lastKnownFileType = sourcecode.c.objc; path = IQSegmentedNextPrevious.m; sourceTree = "<group>"; };
		44E217911D62F89100CAB5F7 /* IQTitleBarButtonItem.h */ = {isa = PBXFileReference; fileEncoding = 4; lastKnownFileType = sourcecode.c.h; path = IQTitleBarButtonItem.h; sourceTree = "<group>"; };
		44E217921D62F89100CAB5F7 /* IQTitleBarButtonItem.m */ = {isa = PBXFileReference; fileEncoding = 4; lastKnownFileType = sourcecode.c.objc; path = IQTitleBarButtonItem.m; sourceTree = "<group>"; };
		44E217931D62F89100CAB5F7 /* IQToolbar.h */ = {isa = PBXFileReference; fileEncoding = 4; lastKnownFileType = sourcecode.c.h; path = IQToolbar.h; sourceTree = "<group>"; };
		44E217941D62F89100CAB5F7 /* IQToolbar.m */ = {isa = PBXFileReference; fileEncoding = 4; lastKnownFileType = sourcecode.c.objc; path = IQToolbar.m; sourceTree = "<group>"; };
		44E217951D62F89100CAB5F7 /* KeyboardManager.h */ = {isa = PBXFileReference; fileEncoding = 4; lastKnownFileType = sourcecode.c.h; path = KeyboardManager.h; sourceTree = "<group>"; };
		44E217961D62F89100CAB5F7 /* NSArray+Sort.h */ = {isa = PBXFileReference; fileEncoding = 4; lastKnownFileType = sourcecode.c.h; path = "NSArray+Sort.h"; sourceTree = "<group>"; };
		44E217971D62F89100CAB5F7 /* NSArray+Sort.m */ = {isa = PBXFileReference; fileEncoding = 4; lastKnownFileType = sourcecode.c.objc; path = "NSArray+Sort.m"; sourceTree = "<group>"; };
		44E217981D62F89100CAB5F7 /* UIView+Hierarchy.h */ = {isa = PBXFileReference; fileEncoding = 4; lastKnownFileType = sourcecode.c.h; path = "UIView+Hierarchy.h"; sourceTree = "<group>"; };
		44E217991D62F89100CAB5F7 /* UIView+Hierarchy.m */ = {isa = PBXFileReference; fileEncoding = 4; lastKnownFileType = sourcecode.c.objc; path = "UIView+Hierarchy.m"; sourceTree = "<group>"; };
		44E2179A1D62F89100CAB5F7 /* UIView+IQKeyboardToolbar.h */ = {isa = PBXFileReference; fileEncoding = 4; lastKnownFileType = sourcecode.c.h; path = "UIView+IQKeyboardToolbar.h"; sourceTree = "<group>"; };
		44E2179B1D62F89100CAB5F7 /* UIView+IQKeyboardToolbar.m */ = {isa = PBXFileReference; fileEncoding = 4; lastKnownFileType = sourcecode.c.objc; path = "UIView+IQKeyboardToolbar.m"; sourceTree = "<group>"; };
		44E2179C1D62F89100CAB5F7 /* UIWindow+Hierarchy.h */ = {isa = PBXFileReference; fileEncoding = 4; lastKnownFileType = sourcecode.c.h; path = "UIWindow+Hierarchy.h"; sourceTree = "<group>"; };
		44E2179D1D62F89100CAB5F7 /* UIWindow+Hierarchy.m */ = {isa = PBXFileReference; fileEncoding = 4; lastKnownFileType = sourcecode.c.objc; path = "UIWindow+Hierarchy.m"; sourceTree = "<group>"; };
/* End PBXFileReference section */

/* Begin PBXFrameworksBuildPhase section */
		4467F3E51D54C3E200003380 /* Frameworks */ = {
			isa = PBXFrameworksBuildPhase;
			buildActionMask = 2147483647;
			files = (
			);
			runOnlyForDeploymentPostprocessing = 0;
		};
		4467F3FE1D54C3E200003380 /* Frameworks */ = {
			isa = PBXFrameworksBuildPhase;
			buildActionMask = 2147483647;
			files = (
			);
			runOnlyForDeploymentPostprocessing = 0;
		};
		4467F4091D54C3E200003380 /* Frameworks */ = {
			isa = PBXFrameworksBuildPhase;
			buildActionMask = 2147483647;
			files = (
			);
			runOnlyForDeploymentPostprocessing = 0;
		};
/* End PBXFrameworksBuildPhase section */

/* Begin PBXGroup section */
		44035B9A1D5E02E00078F9DD /* Data Model */ = {
			isa = PBXGroup;
			children = (
				44035B9B1D5E03160078F9DD /* BGPPlanRegisterDataModel.h */,
				44035B9C1D5E03160078F9DD /* BGPPlanRegisterDataModel.m */,
			);
			name = "Data Model";
			sourceTree = "<group>";
		};
		4467F3DF1D54C3E200003380 = {
			isa = PBXGroup;
			children = (
				4467F3EA1D54C3E200003380 /* BGPPlanRegister */,
				4467F4041D54C3E200003380 /* BGPPlanRegisterTests */,
				4467F40F1D54C3E200003380 /* BGPPlanRegisterUITests */,
				4467F3E91D54C3E200003380 /* Products */,
			);
			sourceTree = "<group>";
		};
		4467F3E91D54C3E200003380 /* Products */ = {
			isa = PBXGroup;
			children = (
				4467F3E81D54C3E200003380 /* BGPPlanRegister.app */,
				4467F4011D54C3E200003380 /* BGPPlanRegisterTests.xctest */,
				4467F40C1D54C3E200003380 /* BGPPlanRegisterUITests.xctest */,
			);
			name = Products;
			sourceTree = "<group>";
		};
		4467F3EA1D54C3E200003380 /* BGPPlanRegister */ = {
			isa = PBXGroup;
			children = (
				4467F3EE1D54C3E200003380 /* AppDelegate.h */,
				4467F3EF1D54C3E200003380 /* AppDelegate.m */,
				4467F3F11D54C3E200003380 /* ViewController.h */,
				4467F3F21D54C3E200003380 /* ViewController.m */,
				4467F3F41D54C3E200003380 /* Main.storyboard */,
				4467F44B1D5892DE00003380 /* Constant.h */,
				4467F44C1D5892DE00003380 /* Constant.m */,
				44E217861D62F86500CAB5F7 /* Third Party Library */,
				4467F41E1D54C42500003380 /* BGP Plan Register */,
				4467F3F71D54C3E200003380 /* Assets.xcassets */,
				4467F3F91D54C3E200003380 /* LaunchScreen.storyboard */,
				4467F3FC1D54C3E200003380 /* Info.plist */,
				4467F3EB1D54C3E200003380 /* Supporting Files */,
			);
			path = BGPPlanRegister;
			sourceTree = "<group>";
		};
		4467F3EB1D54C3E200003380 /* Supporting Files */ = {
			isa = PBXGroup;
			children = (
				4467F3EC1D54C3E200003380 /* main.m */,
			);
			name = "Supporting Files";
			sourceTree = "<group>";
		};
		4467F4041D54C3E200003380 /* BGPPlanRegisterTests */ = {
			isa = PBXGroup;
			children = (
				4467F4051D54C3E200003380 /* BGPPlanRegisterTests.m */,
				4467F4071D54C3E200003380 /* Info.plist */,
			);
			path = BGPPlanRegisterTests;
			sourceTree = "<group>";
		};
		4467F40F1D54C3E200003380 /* BGPPlanRegisterUITests */ = {
			isa = PBXGroup;
			children = (
				4467F4101D54C3E200003380 /* BGPPlanRegisterUITests.m */,
				4467F4121D54C3E200003380 /* Info.plist */,
			);
			path = BGPPlanRegisterUITests;
			sourceTree = "<group>";
		};
		4467F41E1D54C42500003380 /* BGP Plan Register */ = {
			isa = PBXGroup;
			children = (
				44035B9A1D5E02E00078F9DD /* Data Model */,
				4467F4201D54C89F00003380 /* BGPPlanRegisterViewController.h */,
				4467F4211D54C89F00003380 /* BGPPlanRegisterViewController.m */,
				4467F4231D54C8B200003380 /* BGPPlanRegisterStoryboard.storyboard */,
				4467F4311D55F2BB00003380 /* PersonalDetailsViewController.h */,
				4467F4321D55F2BB00003380 /* PersonalDetailsViewController.m */,
				4467F4481D587B1A00003380 /* ApplicationDetailsViewController.h */,
				4467F4491D587B1A00003380 /* ApplicationDetailsViewController.m */,
				4467F4371D55F30A00003380 /* NominationDetailsViewController.h */,
				4467F4381D55F30A00003380 /* NominationDetailsViewController.m */,
				4467F43A1D55F35D00003380 /* AgreemnetDetailsViewController.h */,
				4467F43B1D55F35D00003380 /* AgreemnetDetailsViewController.m */,
				4467F43D1D55F39500003380 /* PaymentDetailsViewController.h */,
				4467F43E1D55F39500003380 /* PaymentDetailsViewController.m */,
				44035B901D5B2E930078F9DD /* Utility.h */,
				44035B911D5B2E930078F9DD /* Utility.m */,
				4467F4421D58513300003380 /* back_black.png */,
				4467F44E1D58961C00003380 /* rounded.png */,
				4467F44F1D58961C00003380 /* roundedFilled.png */,
				44035B4B1D59F9EC0078F9DD /* Square.png */,
				44035B4C1D59F9EC0078F9DD /* SquareFilled.png */,
				44035B4F1D5A07F40078F9DD /* drop_down.png */,
				44035B971D5B5BF20078F9DD /* Untitled.png */,
			);
			name = "BGP Plan Register";
			sourceTree = "<group>";
		};
		44E217861D62F86500CAB5F7 /* Third Party Library */ = {
			isa = PBXGroup;
			children = (
				44E217871D62F89100CAB5F7 /* IQKeyBoardManager */,
			);
			name = "Third Party Library";
			sourceTree = "<group>";
		};
		44E217871D62F89100CAB5F7 /* IQKeyBoardManager */ = {
			isa = PBXGroup;
			children = (
				44E217881D62F89100CAB5F7 /* IQBarButtonItem.h */,
				44E217891D62F89100CAB5F7 /* IQBarButtonItem.m */,
				44E2178A1D62F89100CAB5F7 /* IQKeyboardManager.bundle */,
				44E2178B1D62F89100CAB5F7 /* IQKeyboardManager.h */,
				44E2178C1D62F89100CAB5F7 /* IQKeyboardManager.m */,
				44E2178D1D62F89100CAB5F7 /* IQKeyboardManagerConstants.h */,
				44E2178E1D62F89100CAB5F7 /* IQKeyboardManagerConstantsInternal.h */,
				44E2178F1D62F89100CAB5F7 /* IQSegmentedNextPrevious.h */,
				44E217901D62F89100CAB5F7 /* IQSegmentedNextPrevious.m */,
				44E217911D62F89100CAB5F7 /* IQTitleBarButtonItem.h */,
				44E217921D62F89100CAB5F7 /* IQTitleBarButtonItem.m */,
				44E217931D62F89100CAB5F7 /* IQToolbar.h */,
				44E217941D62F89100CAB5F7 /* IQToolbar.m */,
				44E217951D62F89100CAB5F7 /* KeyboardManager.h */,
				44E217961D62F89100CAB5F7 /* NSArray+Sort.h */,
				44E217971D62F89100CAB5F7 /* NSArray+Sort.m */,
				44E217981D62F89100CAB5F7 /* UIView+Hierarchy.h */,
				44E217991D62F89100CAB5F7 /* UIView+Hierarchy.m */,
				44E2179A1D62F89100CAB5F7 /* UIView+IQKeyboardToolbar.h */,
				44E2179B1D62F89100CAB5F7 /* UIView+IQKeyboardToolbar.m */,
				44E2179C1D62F89100CAB5F7 /* UIWindow+Hierarchy.h */,
				44E2179D1D62F89100CAB5F7 /* UIWindow+Hierarchy.m */,
			);
			path = IQKeyBoardManager;
			sourceTree = "<group>";
		};
/* End PBXGroup section */

/* Begin PBXNativeTarget section */
		4467F3E71D54C3E200003380 /* BGPPlanRegister */ = {
			isa = PBXNativeTarget;
			buildConfigurationList = 4467F4151D54C3E200003380 /* Build configuration list for PBXNativeTarget "BGPPlanRegister" */;
			buildPhases = (
				4467F3E41D54C3E200003380 /* Sources */,
				4467F3E51D54C3E200003380 /* Frameworks */,
				4467F3E61D54C3E200003380 /* Resources */,
			);
			buildRules = (
			);
			dependencies = (
			);
			name = BGPPlanRegister;
			productName = BGPPlanRegister;
			productReference = 4467F3E81D54C3E200003380 /* BGPPlanRegister.app */;
			productType = "com.apple.product-type.application";
		};
		4467F4001D54C3E200003380 /* BGPPlanRegisterTests */ = {
			isa = PBXNativeTarget;
			buildConfigurationList = 4467F4181D54C3E200003380 /* Build configuration list for PBXNativeTarget "BGPPlanRegisterTests" */;
			buildPhases = (
				4467F3FD1D54C3E200003380 /* Sources */,
				4467F3FE1D54C3E200003380 /* Frameworks */,
				4467F3FF1D54C3E200003380 /* Resources */,
			);
			buildRules = (
			);
			dependencies = (
				4467F4031D54C3E200003380 /* PBXTargetDependency */,
			);
			name = BGPPlanRegisterTests;
			productName = BGPPlanRegisterTests;
			productReference = 4467F4011D54C3E200003380 /* BGPPlanRegisterTests.xctest */;
			productType = "com.apple.product-type.bundle.unit-test";
		};
		4467F40B1D54C3E200003380 /* BGPPlanRegisterUITests */ = {
			isa = PBXNativeTarget;
			buildConfigurationList = 4467F41B1D54C3E200003380 /* Build configuration list for PBXNativeTarget "BGPPlanRegisterUITests" */;
			buildPhases = (
				4467F4081D54C3E200003380 /* Sources */,
				4467F4091D54C3E200003380 /* Frameworks */,
				4467F40A1D54C3E200003380 /* Resources */,
			);
			buildRules = (
			);
			dependencies = (
				4467F40E1D54C3E200003380 /* PBXTargetDependency */,
			);
			name = BGPPlanRegisterUITests;
			productName = BGPPlanRegisterUITests;
			productReference = 4467F40C1D54C3E200003380 /* BGPPlanRegisterUITests.xctest */;
			productType = "com.apple.product-type.bundle.ui-testing";
		};
/* End PBXNativeTarget section */

/* Begin PBXProject section */
		4467F3E01D54C3E200003380 /* Project object */ = {
			isa = PBXProject;
			attributes = {
				LastUpgradeCheck = 0730;
				ORGANIZATIONNAME = Apple;
				TargetAttributes = {
					4467F3E71D54C3E200003380 = {
						CreatedOnToolsVersion = 7.3.1;
					};
					4467F4001D54C3E200003380 = {
						CreatedOnToolsVersion = 7.3.1;
						TestTargetID = 4467F3E71D54C3E200003380;
					};
					4467F40B1D54C3E200003380 = {
						CreatedOnToolsVersion = 7.3.1;
						TestTargetID = 4467F3E71D54C3E200003380;
					};
				};
			};
			buildConfigurationList = 4467F3E31D54C3E200003380 /* Build configuration list for PBXProject "BGPPlanRegister" */;
			compatibilityVersion = "Xcode 3.2";
			developmentRegion = English;
			hasScannedForEncodings = 0;
			knownRegions = (
				en,
				Base,
			);
			mainGroup = 4467F3DF1D54C3E200003380;
			productRefGroup = 4467F3E91D54C3E200003380 /* Products */;
			projectDirPath = "";
			projectRoot = "";
			targets = (
				4467F3E71D54C3E200003380 /* BGPPlanRegister */,
				4467F4001D54C3E200003380 /* BGPPlanRegisterTests */,
				4467F40B1D54C3E200003380 /* BGPPlanRegisterUITests */,
			);
		};
/* End PBXProject section */

/* Begin PBXResourcesBuildPhase section */
		4467F3E61D54C3E200003380 /* Resources */ = {
			isa = PBXResourcesBuildPhase;
			buildActionMask = 2147483647;
			files = (
				4467F3FB1D54C3E200003380 /* LaunchScreen.storyboard in Resources */,
				4467F4501D58961C00003380 /* rounded.png in Resources */,
				44E2179F1D62F89100CAB5F7 /* IQKeyboardManager.bundle in Resources */,
				44035B501D5A07F40078F9DD /* drop_down.png in Resources */,
				4467F4511D58961C00003380 /* roundedFilled.png in Resources */,
				44035B981D5B5BF20078F9DD /* Untitled.png in Resources */,
				4467F4431D58513300003380 /* back_black.png in Resources */,
				44035B4E1D59F9EC0078F9DD /* SquareFilled.png in Resources */,
				4467F4241D54C8B200003380 /* BGPPlanRegisterStoryboard.storyboard in Resources */,
				4467F3F81D54C3E200003380 /* Assets.xcassets in Resources */,
				44035B4D1D59F9EC0078F9DD /* Square.png in Resources */,
				4467F3F61D54C3E200003380 /* Main.storyboard in Resources */,
			);
			runOnlyForDeploymentPostprocessing = 0;
		};
		4467F3FF1D54C3E200003380 /* Resources */ = {
			isa = PBXResourcesBuildPhase;
			buildActionMask = 2147483647;
			files = (
			);
			runOnlyForDeploymentPostprocessing = 0;
		};
		4467F40A1D54C3E200003380 /* Resources */ = {
			isa = PBXResourcesBuildPhase;
			buildActionMask = 2147483647;
			files = (
			);
			runOnlyForDeploymentPostprocessing = 0;
		};
/* End PBXResourcesBuildPhase section */

/* Begin PBXSourcesBuildPhase section */
		4467F3E41D54C3E200003380 /* Sources */ = {
			isa = PBXSourcesBuildPhase;
			buildActionMask = 2147483647;
			files = (
				44E217A41D62F89100CAB5F7 /* NSArray+Sort.m in Sources */,
				4467F43C1D55F35D00003380 /* AgreemnetDetailsViewController.m in Sources */,
				4467F4331D55F2BB00003380 /* PersonalDetailsViewController.m in Sources */,
				4467F43F1D55F39500003380 /* PaymentDetailsViewController.m in Sources */,
				4467F44D1D5892DE00003380 /* Constant.m in Sources */,
				4467F3F31D54C3E200003380 /* ViewController.m in Sources */,
				44035B9D1D5E03160078F9DD /* BGPPlanRegisterDataModel.m in Sources */,
				4467F4391D55F30A00003380 /* NominationDetailsViewController.m in Sources */,
				44E217A71D62F89100CAB5F7 /* UIWindow+Hierarchy.m in Sources */,
				44E2179E1D62F89100CAB5F7 /* IQBarButtonItem.m in Sources */,
				44E217A11D62F89100CAB5F7 /* IQSegmentedNextPrevious.m in Sources */,
				44E217A01D62F89100CAB5F7 /* IQKeyboardManager.m in Sources */,
				4467F44A1D587B1A00003380 /* ApplicationDetailsViewController.m in Sources */,
				44035B921D5B2E930078F9DD /* Utility.m in Sources */,
				44E217A31D62F89100CAB5F7 /* IQToolbar.m in Sources */,
				4467F3F01D54C3E200003380 /* AppDelegate.m in Sources */,
				44E217A21D62F89100CAB5F7 /* IQTitleBarButtonItem.m in Sources */,
				4467F4221D54C89F00003380 /* BGPPlanRegisterViewController.m in Sources */,
				4467F3ED1D54C3E200003380 /* main.m in Sources */,
				44E217A51D62F89100CAB5F7 /* UIView+Hierarchy.m in Sources */,
				44E217A61D62F89100CAB5F7 /* UIView+IQKeyboardToolbar.m in Sources */,
			);
			runOnlyForDeploymentPostprocessing = 0;
		};
		4467F3FD1D54C3E200003380 /* Sources */ = {
			isa = PBXSourcesBuildPhase;
			buildActionMask = 2147483647;
			files = (
				4467F4061D54C3E200003380 /* BGPPlanRegisterTests.m in Sources */,
			);
			runOnlyForDeploymentPostprocessing = 0;
		};
		4467F4081D54C3E200003380 /* Sources */ = {
			isa = PBXSourcesBuildPhase;
			buildActionMask = 2147483647;
			files = (
				4467F4111D54C3E200003380 /* BGPPlanRegisterUITests.m in Sources */,
			);
			runOnlyForDeploymentPostprocessing = 0;
		};
/* End PBXSourcesBuildPhase section */

/* Begin PBXTargetDependency section */
		4467F4031D54C3E200003380 /* PBXTargetDependency */ = {
			isa = PBXTargetDependency;
			target = 4467F3E71D54C3E200003380 /* BGPPlanRegister */;
			targetProxy = 4467F4021D54C3E200003380 /* PBXContainerItemProxy */;
		};
		4467F40E1D54C3E200003380 /* PBXTargetDependency */ = {
			isa = PBXTargetDependency;
			target = 4467F3E71D54C3E200003380 /* BGPPlanRegister */;
			targetProxy = 4467F40D1D54C3E200003380 /* PBXContainerItemProxy */;
		};
/* End PBXTargetDependency section */

/* Begin PBXVariantGroup section */
		4467F3F41D54C3E200003380 /* Main.storyboard */ = {
			isa = PBXVariantGroup;
			children = (
				4467F3F51D54C3E200003380 /* Base */,
			);
			name = Main.storyboard;
			sourceTree = "<group>";
		};
		4467F3F91D54C3E200003380 /* LaunchScreen.storyboard */ = {
			isa = PBXVariantGroup;
			children = (
				4467F3FA1D54C3E200003380 /* Base */,
			);
			name = LaunchScreen.storyboard;
			sourceTree = "<group>";
		};
/* End PBXVariantGroup section */

/* Begin XCBuildConfiguration section */
		4467F4131D54C3E200003380 /* Debug */ = {
			isa = XCBuildConfiguration;
			buildSettings = {
				ALWAYS_SEARCH_USER_PATHS = NO;
				CLANG_ANALYZER_NONNULL = YES;
				CLANG_CXX_LANGUAGE_STANDARD = "gnu++0x";
				CLANG_CXX_LIBRARY = "libc++";
				CLANG_ENABLE_MODULES = YES;
				CLANG_ENABLE_OBJC_ARC = YES;
				CLANG_WARN_BOOL_CONVERSION = YES;
				CLANG_WARN_CONSTANT_CONVERSION = YES;
				CLANG_WARN_DIRECT_OBJC_ISA_USAGE = YES_ERROR;
				CLANG_WARN_EMPTY_BODY = YES;
				CLANG_WARN_ENUM_CONVERSION = YES;
				CLANG_WARN_INT_CONVERSION = YES;
				CLANG_WARN_OBJC_ROOT_CLASS = YES_ERROR;
				CLANG_WARN_UNREACHABLE_CODE = YES;
				CLANG_WARN__DUPLICATE_METHOD_MATCH = YES;
				"CODE_SIGN_IDENTITY[sdk=iphoneos*]" = "iPhone Developer";
				COPY_PHASE_STRIP = NO;
				DEBUG_INFORMATION_FORMAT = dwarf;
				ENABLE_STRICT_OBJC_MSGSEND = YES;
				ENABLE_TESTABILITY = YES;
				GCC_C_LANGUAGE_STANDARD = gnu99;
				GCC_DYNAMIC_NO_PIC = NO;
				GCC_NO_COMMON_BLOCKS = YES;
				GCC_OPTIMIZATION_LEVEL = 0;
				GCC_PREPROCESSOR_DEFINITIONS = (
					"DEBUG=1",
					"$(inherited)",
				);
				GCC_WARN_64_TO_32_BIT_CONVERSION = YES;
				GCC_WARN_ABOUT_RETURN_TYPE = YES_ERROR;
				GCC_WARN_UNDECLARED_SELECTOR = YES;
				GCC_WARN_UNINITIALIZED_AUTOS = YES_AGGRESSIVE;
				GCC_WARN_UNUSED_FUNCTION = YES;
				GCC_WARN_UNUSED_VARIABLE = YES;
				IPHONEOS_DEPLOYMENT_TARGET = 9.3;
				MTL_ENABLE_DEBUG_INFO = YES;
				ONLY_ACTIVE_ARCH = YES;
				SDKROOT = iphoneos;
				TARGETED_DEVICE_FAMILY = "1,2";
			};
			name = Debug;
		};
		4467F4141D54C3E200003380 /* Release */ = {
			isa = XCBuildConfiguration;
			buildSettings = {
				ALWAYS_SEARCH_USER_PATHS = NO;
				CLANG_ANALYZER_NONNULL = YES;
				CLANG_CXX_LANGUAGE_STANDARD = "gnu++0x";
				CLANG_CXX_LIBRARY = "libc++";
				CLANG_ENABLE_MODULES = YES;
				CLANG_ENABLE_OBJC_ARC = YES;
				CLANG_WARN_BOOL_CONVERSION = YES;
				CLANG_WARN_CONSTANT_CONVERSION = YES;
				CLANG_WARN_DIRECT_OBJC_ISA_USAGE = YES_ERROR;
				CLANG_WARN_EMPTY_BODY = YES;
				CLANG_WARN_ENUM_CONVERSION = YES;
				CLANG_WARN_INT_CONVERSION = YES;
				CLANG_WARN_OBJC_ROOT_CLASS = YES_ERROR;
				CLANG_WARN_UNREACHABLE_CODE = YES;
				CLANG_WARN__DUPLICATE_METHOD_MATCH = YES;
				"CODE_SIGN_IDENTITY[sdk=iphoneos*]" = "iPhone Developer";
				COPY_PHASE_STRIP = NO;
				DEBUG_INFORMATION_FORMAT = "dwarf-with-dsym";
				ENABLE_NS_ASSERTIONS = NO;
				ENABLE_STRICT_OBJC_MSGSEND = YES;
				GCC_C_LANGUAGE_STANDARD = gnu99;
				GCC_NO_COMMON_BLOCKS = YES;
				GCC_WARN_64_TO_32_BIT_CONVERSION = YES;
				GCC_WARN_ABOUT_RETURN_TYPE = YES_ERROR;
				GCC_WARN_UNDECLARED_SELECTOR = YES;
				GCC_WARN_UNINITIALIZED_AUTOS = YES_AGGRESSIVE;
				GCC_WARN_UNUSED_FUNCTION = YES;
				GCC_WARN_UNUSED_VARIABLE = YES;
				IPHONEOS_DEPLOYMENT_TARGET = 9.3;
				MTL_ENABLE_DEBUG_INFO = NO;
				SDKROOT = iphoneos;
				TARGETED_DEVICE_FAMILY = "1,2";
				VALIDATE_PRODUCT = YES;
			};
			name = Release;
		};
		4467F4161D54C3E200003380 /* Debug */ = {
			isa = XCBuildConfiguration;
			buildSettings = {
				ASSETCATALOG_COMPILER_APPICON_NAME = AppIcon;
				FRAMEWORK_SEARCH_PATHS = (
					"$(inherited)",
					"$(PROJECT_DIR)/BGPPlanRegister/Framework",
				);
				INFOPLIST_FILE = BGPPlanRegister/Info.plist;
				LD_RUNPATH_SEARCH_PATHS = "$(inherited) @executable_path/Frameworks";
				PRODUCT_BUNDLE_IDENTIFIER = Apple.BGPPlanRegister;
				PRODUCT_NAME = "$(TARGET_NAME)";
			};
			name = Debug;
		};
		4467F4171D54C3E200003380 /* Release */ = {
			isa = XCBuildConfiguration;
			buildSettings = {
				ASSETCATALOG_COMPILER_APPICON_NAME = AppIcon;
				FRAMEWORK_SEARCH_PATHS = (
					"$(inherited)",
					"$(PROJECT_DIR)/BGPPlanRegister/Framework",
				);
				INFOPLIST_FILE = BGPPlanRegister/Info.plist;
				LD_RUNPATH_SEARCH_PATHS = "$(inherited) @executable_path/Frameworks";
				PRODUCT_BUNDLE_IDENTIFIER = Apple.BGPPlanRegister;
				PRODUCT_NAME = "$(TARGET_NAME)";
			};
			name = Release;
		};
		4467F4191D54C3E200003380 /* Debug */ = {
			isa = XCBuildConfiguration;
			buildSettings = {
				BUNDLE_LOADER = "$(TEST_HOST)";
				INFOPLIST_FILE = BGPPlanRegisterTests/Info.plist;
				LD_RUNPATH_SEARCH_PATHS = "$(inherited) @executable_path/Frameworks @loader_path/Frameworks";
				PRODUCT_BUNDLE_IDENTIFIER = Apple.BGPPlanRegisterTests;
				PRODUCT_NAME = "$(TARGET_NAME)";
				TEST_HOST = "$(BUILT_PRODUCTS_DIR)/BGPPlanRegister.app/BGPPlanRegister";
			};
			name = Debug;
		};
		4467F41A1D54C3E200003380 /* Release */ = {
			isa = XCBuildConfiguration;
			buildSettings = {
				BUNDLE_LOADER = "$(TEST_HOST)";
				INFOPLIST_FILE = BGPPlanRegisterTests/Info.plist;
				LD_RUNPATH_SEARCH_PATHS = "$(inherited) @executable_path/Frameworks @loader_path/Frameworks";
				PRODUCT_BUNDLE_IDENTIFIER = Apple.BGPPlanRegisterTests;
				PRODUCT_NAME = "$(TARGET_NAME)";
				TEST_HOST = "$(BUILT_PRODUCTS_DIR)/BGPPlanRegister.app/BGPPlanRegister";
			};
			name = Release;
		};
		4467F41C1D54C3E200003380 /* Debug */ = {
			isa = XCBuildConfiguration;
			buildSettings = {
				INFOPLIST_FILE = BGPPlanRegisterUITests/Info.plist;
				LD_RUNPATH_SEARCH_PATHS = "$(inherited) @executable_path/Frameworks @loader_path/Frameworks";
				PRODUCT_BUNDLE_IDENTIFIER = Apple.BGPPlanRegisterUITests;
				PRODUCT_NAME = "$(TARGET_NAME)";
				TEST_TARGET_NAME = BGPPlanRegister;
			};
			name = Debug;
		};
		4467F41D1D54C3E200003380 /* Release */ = {
			isa = XCBuildConfiguration;
			buildSettings = {
				INFOPLIST_FILE = BGPPlanRegisterUITests/Info.plist;
				LD_RUNPATH_SEARCH_PATHS = "$(inherited) @executable_path/Frameworks @loader_path/Frameworks";
				PRODUCT_BUNDLE_IDENTIFIER = Apple.BGPPlanRegisterUITests;
				PRODUCT_NAME = "$(TARGET_NAME)";
				TEST_TARGET_NAME = BGPPlanRegister;
			};
			name = Release;
		};
/* End XCBuildConfiguration section */

/* Begin XCConfigurationList section */
		4467F3E31D54C3E200003380 /* Build configuration list for PBXProject "BGPPlanRegister" */ = {
			isa = XCConfigurationList;
			buildConfigurations = (
				4467F4131D54C3E200003380 /* Debug */,
				4467F4141D54C3E200003380 /* Release */,
			);
			defaultConfigurationIsVisible = 0;
			defaultConfigurationName = Release;
		};
		4467F4151D54C3E200003380 /* Build configuration list for PBXNativeTarget "BGPPlanRegister" */ = {
			isa = XCConfigurationList;
			buildConfigurations = (
				4467F4161D54C3E200003380 /* Debug */,
				4467F4171D54C3E200003380 /* Release */,
			);
			defaultConfigurationIsVisible = 0;
			defaultConfigurationName = Release;
		};
		4467F4181D54C3E200003380 /* Build configuration list for PBXNativeTarget "BGPPlanRegisterTests" */ = {
			isa = XCConfigurationList;
			buildConfigurations = (
				4467F4191D54C3E200003380 /* Debug */,
				4467F41A1D54C3E200003380 /* Release */,
			);
			defaultConfigurationIsVisible = 0;
			defaultConfigurationName = Release;
		};
		4467F41B1D54C3E200003380 /* Build configuration list for PBXNativeTarget "BGPPlanRegisterUITests" */ = {
			isa = XCConfigurationList;
			buildConfigurations = (
				4467F41C1D54C3E200003380 /* Debug */,
				4467F41D1D54C3E200003380 /* Release */,
			);
			defaultConfigurationIsVisible = 0;
			defaultConfigurationName = Release;
		};
/* End XCConfigurationList section */
	};
	rootObject = 4467F3E01D54C3E200003380 /* Project object */;
}
